
Microsoft Visual Studio Solution File, Format Version 12.00
# Visual Studio for Mac
Project("{FAE04EC0-301F-11D3-BF4B-00C04F79EFBC}") = "Assembly-CSharp", "Assembly-CSharp.csproj", "{7A29358A-731A-7F02-E5E8-8B8B340D649C}"
EndProject
Project("{FAE04EC0-301F-11D3-BF4B-00C04F79EFBC}") = "Assembly-CSharp-Editor", "Assembly-CSharp-Editor.csproj", "{F3A7AEA8-877A-06D2-C053-B896336C8237}"
EndProject
Global
	GlobalSection(SolutionConfigurationPlatforms) = preSolution
		Debug|Any CPU = Debug|Any CPU
		Release|Any CPU = Release|Any CPU
	EndGlobalSection
	GlobalSection(ProjectConfigurationPlatforms) = postSolution
		{7A29358A-731A-7F02-E5E8-8B8B340D649C}.Debug|Any CPU.ActiveCfg = Debug|Any CPU
		{7A29358A-731A-7F02-E5E8-8B8B340D649C}.Debug|Any CPU.Build.0 = Debug|Any CPU
		{7A29358A-731A-7F02-E5E8-8B8B340D649C}.Release|Any CPU.ActiveCfg = Release|Any CPU
		{7A29358A-731A-7F02-E5E8-8B8B340D649C}.Release|Any CPU.Build.0 = Release|Any CPU
		{F3A7AEA8-877A-06D2-C053-B896336C8237}.Debug|Any CPU.ActiveCfg = Debug|Any CPU
		{F3A7AEA8-877A-06D2-C053-B896336C8237}.Debug|Any CPU.Build.0 = Debug|Any CPU
		{F3A7AEA8-877A-06D2-C053-B896336C8237}.Release|Any CPU.ActiveCfg = Release|Any CPU
		{F3A7AEA8-877A-06D2-C053-B896336C8237}.Release|Any CPU.Build.0 = Release|Any CPU
	EndGlobalSection
	GlobalSection(SolutionProperties) = preSolution
		HideSolutionNode = FALSE
	EndGlobalSection
EndGlobal
